version = 1
revision = 1
requires-python = ">=3.8"
resolution-markers = [
    "python_full_version >= '3.9'",
    "python_full_version < '3.9'",
]

[[package]]
name = "libcst"
version = "1.1.0"
source = { registry = "https://pypi.org/simple" }
resolution-markers = [
    "python_full_version < '3.9'",
]
dependencies = [
    { name = "pyyaml", marker = "python_full_version < '3.9'" },
    { name = "typing-extensions", marker = "python_full_version < '3.9'" },
    { name = "typing-inspect", marker = "python_full_version < '3.9'" },
]
sdist = { url = "https://files.pythonhosted.org/packages/81/ef/610498b5e982d9dd64f2af8422ece1be44a946a8dbda15d08087e0e1ff08/libcst-1.1.0.tar.gz", hash = "sha256:0acbacb9a170455701845b7e940e2d7b9519db35a86768d86330a0b0deae1086", size = 764691 }
wheels = [
    { url = "https://files.pythonhosted.org/packages/5c/0a/bdd31ed5c8ad1978aa5d0350e64769ea91c7710a4d34e159c696e6c145e7/libcst-1.1.0-cp310-cp310-macosx_10_9_x86_64.whl", hash = "sha256:63f75656fd733dc20354c46253fde3cf155613e37643c3eaf6f8818e95b7a3d1", size = 2112700 },
    { url = "https://files.pythonhosted.org/packages/fb/27/889bc60abece5f5c998560c9d61898e548a48e6a72c75490582cde878e8d/libcst-1.1.0-cp310-cp310-macosx_11_0_arm64.whl", hash = "sha256:8ae11eb1ea55a16dc0cdc61b41b29ac347da70fec14cc4381248e141ee2fbe6c", size = 2070222 },
    { url = "https://files.pythonhosted.org/packages/20/23/d5b4e03fdec2275bd2f96b19a1317fed736f68411dfa6913e206888930ed/libcst-1.1.0-cp310-cp310-manylinux_2_17_aarch64.manylinux2014_aarch64.whl", hash = "sha256:4bc745d0c06420fe2644c28d6ddccea9474fb68a2135904043676deb4fa1e6bc", size = 3154843 },
    { url = "https://files.pythonhosted.org/packages/ac/0d/723754c5a50fd57a3fddc17960e98f809a46a898419a39a5da5795ca6983/libcst-1.1.0-cp310-cp310-manylinux_2_17_x86_64.manylinux2014_x86_64.whl", hash = "sha256:8c1f2da45f1c45634090fd8672c15e0159fdc46853336686959b2d093b6e10fa", size = 3194222 },
    { url = "https://files.pythonhosted.org/packages/b3/d8/9d598a272f2d7687f1936836bd67bf8b13623fbf43210e8745157732a87e/libcst-1.1.0-cp310-cp310-manylinux_2_5_i686.manylinux1_i686.manylinux_2_17_i686.manylinux2014_i686.whl", hash = "sha256:003e5e83a12eed23542c4ea20fdc8de830887cc03662432bb36f84f8c4841b81", size = 3300452 },
    { url = "https://files.pythonhosted.org/packages/82/41/bed99411d679318116673bbd7d96f65ccf382770898719109f5927250b74/libcst-1.1.0-cp310-cp310-win_amd64.whl", hash = "sha256:3ebbb9732ae3cc4ae7a0e97890bed0a57c11d6df28790c2b9c869f7da653c7c7", size = 2031202 },
    { url = "https://files.pythonhosted.org/packages/9d/01/20eef81a259a7555def181917ac21180b0ccd694b62851d251c69e55b431/libcst-1.1.0-cp311-cp311-macosx_10_9_x86_64.whl", hash = "sha256:d68c34e3038d3d1d6324eb47744cbf13f2c65e1214cf49db6ff2a6603c1cd838", size = 2112699 },
    { url = "https://files.pythonhosted.org/packages/b8/e3/f9b7528ebd96e5b507c401830f81274806fe7f76e65668dee9884fdb8465/libcst-1.1.0-cp311-cp311-macosx_11_0_arm64.whl", hash = "sha256:9dffa1795c2804d183efb01c0f1efd20a7831db6a21a0311edf90b4100d67436", size = 2070226 },
    { url = "https://files.pythonhosted.org/packages/3e/88/1a0dd13408be61a5fcd83ecf0ee85c2b4795dab7d3c5544a8ae35f495265/libcst-1.1.0-cp311-cp311-manylinux_2_17_aarch64.manylinux2014_aarch64.whl", hash = "sha256:cc9b6ac36d7ec9db2f053014ea488086ca2ed9c322be104fbe2c71ca759da4bb", size = 3154844 },
    { url = "https://files.pythonhosted.org/packages/13/a6/3414494d9767eb937d2261f070d5edf12dac26cbf8df0f4a9619a119e033/libcst-1.1.0-cp311-cp311-manylinux_2_17_x86_64.manylinux2014_x86_64.whl", hash = "sha256:78b7a38ec4c1c009ac39027d51558b52851fb9234669ba5ba62283185963a31c", size = 3194221 },
    { url = "https://files.pythonhosted.org/packages/74/a6/3085ab81c6effe43590827cd4748d44621cd94ef6bf9f70a301985e4b566/libcst-1.1.0-cp311-cp311-manylinux_2_5_i686.manylinux1_i686.manylinux_2_17_i686.manylinux2014_i686.whl", hash = "sha256:5297a16e575be8173185e936b7765c89a3ca69d4ae217a4af161814a0f9745a7", size = 3300454 },
    { url = "https://files.pythonhosted.org/packages/01/3b/9f1b0f4401e439bbf42162468c3583799fa80fa441b47ef103f79d0fd61a/libcst-1.1.0-cp311-cp311-win_amd64.whl", hash = "sha256:7ccaf53925f81118aeaadb068a911fac8abaff608817d7343da280616a5ca9c1", size = 2031205 },
    { url = "https://files.pythonhosted.org/packages/04/bd/0143bc80fee8544d4c3bf7a4ba098b8a86d7a08df2c8cbce1e04300c5f47/libcst-1.1.0-cp312-cp312-macosx_10_9_x86_64.whl", hash = "sha256:75816647736f7e09c6120bdbf408456f99b248d6272277eed9a58cf50fb8bc7d", size = 2112700 },
    { url = "https://files.pythonhosted.org/packages/93/b8/d144476de088d6b2ed40b7c6a02f89df91f0163cab1315ff5944bf1796a6/libcst-1.1.0-cp312-cp312-macosx_11_0_arm64.whl", hash = "sha256:c8f26250f87ca849a7303ed7a4fd6b2c7ac4dec16b7d7e68ca6a476d7c9bfcdb", size = 2070223 },
    { url = "https://files.pythonhosted.org/packages/b6/98/a30992fa79669e10cf0f7ae8749d460f713f968c66cd48c569c6ed87f705/libcst-1.1.0-cp312-cp312-manylinux_2_17_aarch64.manylinux2014_aarch64.whl", hash = "sha256:2d37326bd6f379c64190a28947a586b949de3a76be00176b0732c8ee87d67ebe", size = 3155322 },
    { url = "https://files.pythonhosted.org/packages/94/d9/2a2af5d477ea98af05534f76260647da308d20c0cdd10bc05107d2755b0f/libcst-1.1.0-cp312-cp312-manylinux_2_17_x86_64.manylinux2014_x86_64.whl", hash = "sha256:e3d8cf974cfa2487b28f23f56c4bff90d550ef16505e58b0dca0493d5293784b", size = 3194986 },
    { url = "https://files.pythonhosted.org/packages/d6/76/c2867a61f185c1a21cf5e10c8020b763250f5523a042535c609215800389/libcst-1.1.0-cp312-cp312-manylinux_2_5_i686.manylinux1_i686.manylinux_2_17_i686.manylinux2014_i686.whl", hash = "sha256:82d1271403509b0a4ee6ff7917c2d33b5a015f44d1e208abb1da06ba93b2a378", size = 3300603 },
    { url = "https://files.pythonhosted.org/packages/b8/83/1504eb1d4c2cf7f251e1c719734d6f1560dd5532c25871983ef36d9cab03/libcst-1.1.0-cp312-cp312-win_amd64.whl", hash = "sha256:bca1841693941fdd18371824bb19a9702d5784cd347cb8231317dbdc7062c5bc", size = 2031201 },
    { url = "https://files.pythonhosted.org/packages/df/76/ef29f8f26e9ca89a75c138b1cc4de936bc648607c2fe4e2ee2201201a1b0/libcst-1.1.0-cp38-cp38-macosx_10_9_x86_64.whl", hash = "sha256:f36f592e035ef84f312a12b75989dde6a5f6767fe99146cdae6a9ee9aff40dd0", size = 2112679 },
    { url = "https://files.pythonhosted.org/packages/4c/29/4cf0e0bdc5c9045ba13c1ef86e75af6db1d55e67b798c9d7f0d2631ff85a/libcst-1.1.0-cp38-cp38-macosx_11_0_arm64.whl", hash = "sha256:f561c9a84eca18be92f4ad90aa9bd873111efbea995449301719a1a7805dbc5c", size = 2070261 },
    { url = "https://files.pythonhosted.org/packages/df/72/b1a969b0a7f9184f1a7181b30a09d88479aaf9af861bae10d7207780aa88/libcst-1.1.0-cp38-cp38-manylinux_2_17_aarch64.manylinux2014_aarch64.whl", hash = "sha256:97fbc73c87e9040e148881041fd5ffa2a6ebf11f64b4ccb5b52e574b95df1a15", size = 3154652 },
    { url = "https://files.pythonhosted.org/packages/4e/9f/9b4278b8e6e2cfd56caab73e69388fc6da1aa42961cbc777a45888db8e11/libcst-1.1.0-cp38-cp38-manylinux_2_17_x86_64.manylinux2014_x86_64.whl", hash = "sha256:99fdc1929703fd9e7408aed2e03f58701c5280b05c8911753a8d8619f7dfdda5", size = 3194182 },
    { url = "https://files.pythonhosted.org/packages/be/fa/7b8abb0c5e6f30953dd82fba70cbf9c36d3832fc36d329cb408241ac25c2/libcst-1.1.0-cp38-cp38-manylinux_2_5_i686.manylinux1_i686.manylinux_2_17_i686.manylinux2014_i686.whl", hash = "sha256:0bf69cbbab5016d938aac4d3ae70ba9ccb3f90363c588b3b97be434e6ba95403", size = 3300688 },
    { url = "https://files.pythonhosted.org/packages/7f/71/13e5a9f9831aebffced7f42e8304ce9f09ca85f7f713b21d22fb7b571140/libcst-1.1.0-cp38-cp38-win_amd64.whl", hash = "sha256:fe41b33aa73635b1651f64633f429f7aa21f86d2db5748659a99d9b7b1ed2a90", size = 2031062 },
    { url = "https://files.pythonhosted.org/packages/b7/4f/e989c0b07749143f3608814f712bc27ad48a72f5ba890c4bea7df4258c23/libcst-1.1.0-cp39-cp39-macosx_10_9_x86_64.whl", hash = "sha256:73c086705ed34dbad16c62c9adca4249a556c1b022993d511da70ea85feaf669", size = 2112658 },
    { url = "https://files.pythonhosted.org/packages/f8/c3/c7e56011c477df755d78ee734dd1caa5e6ff6cc51a07071adbc452df998f/libcst-1.1.0-cp39-cp39-macosx_11_0_arm64.whl", hash = "sha256:3a07ecfabbbb8b93209f952a365549e65e658831e9231649f4f4e4263cad24b1", size = 2070233 },
    { url = "https://files.pythonhosted.org/packages/30/f3/49bdd4be2a9a89834e89adf3c0377c1c6387e00634efa0d0c078a49ee034/libcst-1.1.0-cp39-cp39-manylinux_2_17_aarch64.manylinux2014_aarch64.whl", hash = "sha256:c653d9121d6572d8b7f8abf20f88b0a41aab77ff5a6a36e5a0ec0f19af0072e8", size = 3155034 },
    { url = "https://files.pythonhosted.org/packages/bd/d2/544d481b33dbc35381d976221ab1358fab0db4588c2d53214500454e9fd5/libcst-1.1.0-cp39-cp39-manylinux_2_17_x86_64.manylinux2014_x86_64.whl", hash = "sha256:5f1cd308a4c2f71d5e4eec6ee693819933a03b78edb2e4cc5e3ad1afd5fb3f07", size = 3194521 },
    { url = "https://files.pythonhosted.org/packages/60/1c/c2d4e2b6a69fc8fd52ae6c0662dfa4550486712d5e77cf754348e4c85a2c/libcst-1.1.0-cp39-cp39-manylinux_2_5_i686.manylinux1_i686.manylinux_2_17_i686.manylinux2014_i686.whl", hash = "sha256:8afb6101b8b3c86c5f9cec6b90ab4da16c3c236fe7396f88e8b93542bb341f7c", size = 3300712 },
    { url = "https://files.pythonhosted.org/packages/0a/76/b31dba704487daf0845fc2d246ddb1a141a1dd12ef695d30eb4b0aac51c5/libcst-1.1.0-cp39-cp39-win_amd64.whl", hash = "sha256:d22d1abfe49aa60fc61fa867e10875a9b3024ba5a801112f4d7ba42d8d53242e", size = 2031198 },
]

[[package]]
name = "libcst"
version = "1.7.0"
source = { registry = "https://pypi.org/simple" }
resolution-markers = [
    "python_full_version >= '3.9'",
]
dependencies = [
    { name = "pyyaml", marker = "python_full_version >= '3.9'" },
]
sdist = { url = "https://files.pythonhosted.org/packages/b1/de/df97a73343469c0b92ad0784248bdde79e417bb9540c229216bd81d0b086/libcst-1.7.0.tar.gz", hash = "sha256:a63f44ffa81292f183656234c7f2848653ff45c17d867db83c9335119e28aafa", size = 776707 }
wheels = [
    { url = "https://files.pythonhosted.org/packages/9a/1f/dc9a6107d6a443b0c3416b6b92211870a582dbcd31458b2196e5b7f5ff05/libcst-1.7.0-cp310-cp310-macosx_11_0_arm64.whl", hash = "sha256:340054c57abcd42953248af18ed278be651a03b1c2a1616f7e1f1ef90b6018ce", size = 2078951 },
    { url = "https://files.pythonhosted.org/packages/9f/2a/d59635eefb6298c2620cc1fcceea9b767d8530e2445f4827d3fa6709a4b5/libcst-1.7.0-cp310-cp310-manylinux_2_17_aarch64.manylinux2014_aarch64.whl", hash = "sha256:cdae6e632d222d8db7cb98d7cecb45597c21b8e3841d0c98d4fca79c49dad04b", size = 2215733 },
    { url = "https://files.pythonhosted.org/packages/d3/ab/6f2c882683a012c8d086564851538d66fc8f152c5fdf58a046ee8a496a5f/libcst-1.7.0-cp310-cp310-manylinux_2_17_x86_64.manylinux2014_x86_64.whl", hash = "sha256:71a8f59f3472fe8c0f6e2fad457825ea2ccad8c4c713cca55a91ff2cbfa9bc03", size = 2317267 },
    { url = "https://files.pythonhosted.org/packages/32/07/3188262f649ad6bf4194166cacb5c68f902e747035471e8f4d475a92e166/libcst-1.7.0-cp310-cp310-manylinux_2_5_i686.manylinux1_i686.manylinux_2_17_i686.manylinux2014_i686.whl", hash = "sha256:1560598f5c56681adbd32f4b08e9cffcd45a021921d1d784370a7d4d9a2fac11", size = 2405957 },
    { url = "https://files.pythonhosted.org/packages/c5/5a/0ce9d68e83640b96f0b5d56adfff816a4a1085cffe6e6869019d0fdf75cf/libcst-1.7.0-cp310-cp310-musllinux_1_2_aarch64.whl", hash = "sha256:9cd5ab15b12a37f0e9994d8847d5670da936a93d98672c442a956fab34ea0c15", size = 2277162 },
    { url = "https://files.pythonhosted.org/packages/8a/df/6875a4f296860de08cc795dd951e4c40784f246ef1d38277d6e448fbeb59/libcst-1.7.0-cp310-cp310-musllinux_1_2_x86_64.whl", hash = "sha256:5d5ba9314569865effd5baff3a58ceb2cced52228e181824759c68486a7ec8f4", size = 2397589 },
    { url = "https://files.pythonhosted.org/packages/1b/74/71e54574fe406cdb5c42506cf5148c544940d1d722ef473647de04314aa6/libcst-1.7.0-cp310-cp310-win_amd64.whl", hash = "sha256:3d2ec10015e86a4402c3d2084ede6c7c9268faea1ecb99592fe9e291c515aaa2", size = 2096214 },
    { url = "https://files.pythonhosted.org/packages/e8/42/5f21d245f0f2e4a4a47c977f6da4e46dca0ef0307f8a8cd4d0d85b0e08c8/libcst-1.7.0-cp311-cp311-macosx_11_0_arm64.whl", hash = "sha256:8f6e693281d6e9a62414205fb300ec228ddc902ca9cb965a09f11561dc10aa94", size = 2078827 },
    { url = "https://files.pythonhosted.org/packages/ac/62/ce81795b18bcc5bd77d32f53d56a79545cc3efe27acdd2ed107775c3fd18/libcst-1.7.0-cp311-cp311-manylinux_2_17_aarch64.manylinux2014_aarch64.whl", hash = "sha256:e635eadb6043d5f967450af27125811c6ccc7eeb4d8c5fd4f1bece9d96418781", size = 2215601 },
    { url = "https://files.pythonhosted.org/packages/e3/89/c40a3cacf89b7dfd1f7c46abbec4cae00b85bd8968b1770c49e829a0dd23/libcst-1.7.0-cp311-cp311-manylinux_2_17_x86_64.manylinux2014_x86_64.whl", hash = "sha256:4c568e14d29489f09faf4915af18235f805d5aa60fa194023b4fadf3209f0c94", size = 2316834 },
    { url = "https://files.pythonhosted.org/packages/fb/ff/9cef48453900919ce149906ef5532205d03ae7a3c5600ec10d621c656387/libcst-1.7.0-cp311-cp311-manylinux_2_5_i686.manylinux1_i686.manylinux_2_17_i686.manylinux2014_i686.whl", hash = "sha256:9add619a825d6f176774110d79dc3137f353a236c1e3bcd6e063ca6d93d6e0ae", size = 2405859 },
    { url = "https://files.pythonhosted.org/packages/7f/7c/7159dac46efd48370c3c707144b1a451aec6317e71f989b3d6208c862f4e/libcst-1.7.0-cp311-cp311-musllinux_1_2_aarch64.whl", hash = "sha256:57a6bcfc8ca8a0bb9e89a2dbf63ee8f0c7e8353a130528dcb47c9e59c2dc8c94", size = 2277105 },
    { url = "https://files.pythonhosted.org/packages/f3/0b/7363d238a67d4623b01e3b61884db5883e71864ec7421bfc7bcb27efd662/libcst-1.7.0-cp311-cp311-musllinux_1_2_x86_64.whl", hash = "sha256:5e22738ec2855803f8242e6bf78057389d10f8954db34bf7079c82abab1b8b95", size = 2397105 },
    { url = "https://files.pythonhosted.org/packages/ea/6d/fde43c36ad65f5c997be7fe7c32c1951c6e881aee071a531c50f369e4f53/libcst-1.7.0-cp311-cp311-win_amd64.whl", hash = "sha256:fa519d4391326329f37860c2f2aaf80cb11a6122d14afa2f4f00dde6fcfa7ae4", size = 2096252 },
    { url = "https://files.pythonhosted.org/packages/c2/ef/0e71046efefe6a68857645f1ff70e89e0d3c5a138c7bc8d766d3e10127af/libcst-1.7.0-cp312-cp312-macosx_11_0_arm64.whl", hash = "sha256:b52692a28d0d958ebfabcf8bfce5fcf2c8582967310d35e6111a6e2d4db96659", size = 2071234 },
    { url = "https://files.pythonhosted.org/packages/fa/99/61380320d7f6ff9bf142ff195c0a6586152bf5ebd016bdf2a32063c602d5/libcst-1.7.0-cp312-cp312-manylinux_2_17_aarch64.manylinux2014_aarch64.whl", hash = "sha256:61bfc90c8a4594296f8b68702f494dfdfec6e745a4abc0cfa8069d7f22061424", size = 2210153 },
    { url = "https://files.pythonhosted.org/packages/a6/58/1b4ebd4e8af3aaf460287ba5afc3e95fb5fc7ca2bdde1857373183a08516/libcst-1.7.0-cp312-cp312-manylinux_2_17_x86_64.manylinux2014_x86_64.whl", hash = "sha256:9370c23a3f609280c3f2296d61d34dd32afd7a1c9b19e4e29cc35cb2e2544363", size = 2312359 },
    { url = "https://files.pythonhosted.org/packages/75/a4/8f182a64757ea6a2398e166b058d91002724feb340e7ec67119f2b2a43ca/libcst-1.7.0-cp312-cp312-manylinux_2_5_i686.manylinux1_i686.manylinux_2_17_i686.manylinux2014_i686.whl", hash = "sha256:5e50e6960ecc3ed67f39fec63aa329e772d5d27f8e2334e30f19a94aa14489f1", size = 2401963 },
    { url = "https://files.pythonhosted.org/packages/07/48/0b5e5b0d43093859b97504f3f7a61cf4dc8a56e0997e62a573bdd2b4e2a2/libcst-1.7.0-cp312-cp312-musllinux_1_2_aarch64.whl", hash = "sha256:ca4e91aa854758040fa6fe7036fbe7f90a36a7d283fa1df8587b6f73084fc997", size = 2272088 },
    { url = "https://files.pythonhosted.org/packages/11/e2/2a5497cde7ad82ef41277cadd560ec1726e00d317dad85704327071d2b67/libcst-1.7.0-cp312-cp312-musllinux_1_2_x86_64.whl", hash = "sha256:d894c48f682b0061fdb2c983d5e64c30334db6ce0783560dbbb9df0163179c0c", size = 2392441 },
    { url = "https://files.pythonhosted.org/packages/a6/16/dba943bc53bd688895dbc81918fc93ada02b4c3e5755faeecf4333878dd0/libcst-1.7.0-cp312-cp312-win_amd64.whl", hash = "sha256:14e5c1d427c33d50df75be6bc999a7b2d7c6b7840e2361a18a6f354db50cb18e", size = 2094954 },
    { url = "https://files.pythonhosted.org/packages/63/43/bd2b3b404219be09a791fc0d98910d09c36662f805d23e3b81600b80de0c/libcst-1.7.0-cp313-cp313-macosx_11_0_arm64.whl", hash = "sha256:93417d36c2a1b70d651d0e970ff73339e8dcd64d341672b68823fa0039665022", size = 2071262 },
    { url = "https://files.pythonhosted.org/packages/05/27/428da06f863ebdca7f3908190e2a70c5cb5830c9efd5e1ea9b8c18c807bf/libcst-1.7.0-cp313-cp313-manylinux_2_17_aarch64.manylinux2014_aarch64.whl", hash = "sha256:6523731bfbdbc045ff8649130fe14a46b31ad6925f67acdc0e0d80a0c61719fd", size = 2210117 },
    { url = "https://files.pythonhosted.org/packages/45/ff/24a82c2795fe846d07a43cda77e51acb5c9e6f57191b9f8607b5557234b0/libcst-1.7.0-cp313-cp313-manylinux_2_17_x86_64.manylinux2014_x86_64.whl", hash = "sha256:a252fa03ea00986f03100379f11e15d381103a09667900fb0fa2076cec19081a", size = 2312240 },
    { url = "https://files.pythonhosted.org/packages/64/fd/97c695b706a6bc10e54b52eb8735cc9c7573afafdd15014dd1508885652d/libcst-1.7.0-cp313-cp313-manylinux_2_5_i686.manylinux1_i686.manylinux_2_17_i686.manylinux2014_i686.whl", hash = "sha256:09a5530b40a15dbe6fac842ef2ad87ad561760779380ccf3ade6850854d81406", size = 2402028 },
    { url = "https://files.pythonhosted.org/packages/b0/72/eebf3bf6b47d2252eb9de4f1ec64706dcc90a4c12336b415c9a4f29cf54d/libcst-1.7.0-cp313-cp313-musllinux_1_2_aarch64.whl", hash = "sha256:0456381c939169c4f11caecdb30f7aca6f234640731f8f965849c1631930536b", size = 2272115 },
    { url = "https://files.pythonhosted.org/packages/56/b3/5b76bfe1e02490a0c71b2ac05e236f1455192e1782e5f06bab4dca3501ea/libcst-1.7.0-cp313-cp313-musllinux_1_2_x86_64.whl", hash = "sha256:c8d6176a667d2db0132d133dad6bbf965f915f3071559342ca2cdbbec537ed12", size = 2392216 },
    { url = "https://files.pythonhosted.org/packages/57/9a/535a81bade997f98bc17c151b524c00eb12a6738e9cbaecea00fbcccb6b9/libcst-1.7.0-cp313-cp313-win_amd64.whl", hash = "sha256:6137fe549bfbb017283c3cf85419eb0dfaa20a211ad6d525538a2494e248a84b", size = 2094937 },
    { url = "https://files.pythonhosted.org/packages/e5/e6/eeb7d144b92ceabc5d8695afea5f5121b1dd88bea6a399b4aa38e7935666/libcst-1.7.0-cp39-cp39-macosx_11_0_arm64.whl", hash = "sha256:3923a341a787c1f454909e726a6213dd59c3db26c6e56d0a1fc4f2f7e96b45d7", size = 2078768 },
    { url = "https://files.pythonhosted.org/packages/59/8b/0633687b9998caed370d49f180067942b0138c7657a732ea730bd5dcd9ba/libcst-1.7.0-cp39-cp39-manylinux_2_17_aarch64.manylinux2014_aarch64.whl", hash = "sha256:e7d9a796c2f3d5b71dd06b7578e8d1fb1c031d2eb8d59e7b40e288752ae1b210", size = 2215629 },
    { url = "https://files.pythonhosted.org/packages/ba/7a/5b5b08e3ec60adca4debdaba2d31ff9c7cf61967d831d53025d772e37557/libcst-1.7.0-cp39-cp39-manylinux_2_17_x86_64.manylinux2014_x86_64.whl", hash = "sha256:932a4c4508bd4cf5248c99b7218bb86af97d87fefa2bdab7ea8a0c28c270724a", size = 2316491 },
    { url = "https://files.pythonhosted.org/packages/4c/b9/e4fced37aa49450023a820319161f40064c9e4667261c14237f74731215b/libcst-1.7.0-cp39-cp39-manylinux_2_5_i686.manylinux1_i686.manylinux_2_17_i686.manylinux2014_i686.whl", hash = "sha256:d12ffe199ff677a37abfb6b21aba1407eb02246dc7e6bcaf4f8e24a195ec4ad6", size = 2405789 },
    { url = "https://files.pythonhosted.org/packages/d5/3d/197d7141800dba368dda38698157b0757ca2f6ddd85d78d81725dd56fd96/libcst-1.7.0-cp39-cp39-musllinux_1_2_aarch64.whl", hash = "sha256:81036e820249937608db7e72d0799180122d40d76d0c0414c454f8aa2ffa9c51", size = 2277047 },
    { url = "https://files.pythonhosted.org/packages/3e/6a/ea66b6d4349b3abc8b061aed8fb54228b45ede998056488150f7c490e3b5/libcst-1.7.0-cp39-cp39-musllinux_1_2_x86_64.whl", hash = "sha256:94acd51ea1206460c20dea764c59222e62c45ae8a486f22024f063d11a7bca88", size = 2396848 },
    { url = "https://files.pythonhosted.org/packages/c9/01/9fe28b10511074470a57002bf738f7b04c3a1f3fc4b3d7ed4a1730ba7092/libcst-1.7.0-cp39-cp39-win_amd64.whl", hash = "sha256:c3445dce908fd4971ce9bb5fef5742e26c984027676e3dcf24875fbed1ff7e4c", size = 2096341 },
]

[[package]]
name = "mypy-extensions"
version = "1.0.0"
source = { registry = "https://pypi.org/simple" }
sdist = { url = "https://files.pythonhosted.org/packages/98/a4/1ab47638b92648243faf97a5aeb6ea83059cc3624972ab6b8d2316078d3f/mypy_extensions-1.0.0.tar.gz", hash = "sha256:75dbf8955dc00442a438fc4d0666508a9a97b6bd41aa2f0ffe9d2f2725af0782", size = 4433 }
wheels = [
    { url = "https://files.pythonhosted.org/packages/2a/e2/5d3f6ada4297caebe1a2add3b126fe800c96f56dbe5d1988a2cbe0b267aa/mypy_extensions-1.0.0-py3-none-any.whl", hash = "sha256:4392f6c0eb8a5668a69e23d168ffa70f0be9ccfd32b5cc2d26a34ae5b844552d", size = 4695 },
]

[[package]]
name = "pyyaml"
version = "6.0.2"
source = { registry = "https://pypi.org/simple" }
sdist = { url = "https://files.pythonhosted.org/packages/54/ed/79a089b6be93607fa5cdaedf301d7dfb23af5f25c398d5ead2525b063e17/pyyaml-6.0.2.tar.gz", hash = "sha256:d584d9ec91ad65861cc08d42e834324ef890a082e591037abe114850ff7bbc3e", size = 130631 }
wheels = [
    { url = "https://files.pythonhosted.org/packages/9b/95/a3fac87cb7158e231b5a6012e438c647e1a87f09f8e0d123acec8ab8bf71/PyYAML-6.0.2-cp310-cp310-macosx_10_9_x86_64.whl", hash = "sha256:0a9a2848a5b7feac301353437eb7d5957887edbf81d56e903999a75a3d743086", size = 184199 },
    { url = "https://files.pythonhosted.org/packages/c7/7a/68bd47624dab8fd4afbfd3c48e3b79efe09098ae941de5b58abcbadff5cb/PyYAML-6.0.2-cp310-cp310-macosx_11_0_arm64.whl", hash = "sha256:29717114e51c84ddfba879543fb232a6ed60086602313ca38cce623c1d62cfbf", size = 171758 },
    { url = "https://files.pythonhosted.org/packages/49/ee/14c54df452143b9ee9f0f29074d7ca5516a36edb0b4cc40c3f280131656f/PyYAML-6.0.2-cp310-cp310-manylinux_2_17_aarch64.manylinux2014_aarch64.whl", hash = "sha256:8824b5a04a04a047e72eea5cec3bc266db09e35de6bdfe34c9436ac5ee27d237", size = 718463 },
    { url = "https://files.pythonhosted.org/packages/4d/61/de363a97476e766574650d742205be468921a7b532aa2499fcd886b62530/PyYAML-6.0.2-cp310-cp310-manylinux_2_17_s390x.manylinux2014_s390x.whl", hash = "sha256:7c36280e6fb8385e520936c3cb3b8042851904eba0e58d277dca80a5cfed590b", size = 719280 },
    { url = "https://files.pythonhosted.org/packages/6b/4e/1523cb902fd98355e2e9ea5e5eb237cbc5f3ad5f3075fa65087aa0ecb669/PyYAML-6.0.2-cp310-cp310-manylinux_2_17_x86_64.manylinux2014_x86_64.whl", hash = "sha256:ec031d5d2feb36d1d1a24380e4db6d43695f3748343d99434e6f5f9156aaa2ed", size = 751239 },
    { url = "https://files.pythonhosted.org/packages/b7/33/5504b3a9a4464893c32f118a9cc045190a91637b119a9c881da1cf6b7a72/PyYAML-6.0.2-cp310-cp310-musllinux_1_1_aarch64.whl", hash = "sha256:936d68689298c36b53b29f23c6dbb74de12b4ac12ca6cfe0e047bedceea56180", size = 695802 },
    { url = "https://files.pythonhosted.org/packages/5c/20/8347dcabd41ef3a3cdc4f7b7a2aff3d06598c8779faa189cdbf878b626a4/PyYAML-6.0.2-cp310-cp310-musllinux_1_1_x86_64.whl", hash = "sha256:23502f431948090f597378482b4812b0caae32c22213aecf3b55325e049a6c68", size = 720527 },
    { url = "https://files.pythonhosted.org/packages/be/aa/5afe99233fb360d0ff37377145a949ae258aaab831bde4792b32650a4378/PyYAML-6.0.2-cp310-cp310-win32.whl", hash = "sha256:2e99c6826ffa974fe6e27cdb5ed0021786b03fc98e5ee3c5bfe1fd5015f42b99", size = 144052 },
    { url = "https://files.pythonhosted.org/packages/b5/84/0fa4b06f6d6c958d207620fc60005e241ecedceee58931bb20138e1e5776/PyYAML-6.0.2-cp310-cp310-win_amd64.whl", hash = "sha256:a4d3091415f010369ae4ed1fc6b79def9416358877534caf6a0fdd2146c87a3e", size = 161774 },
    { url = "https://files.pythonhosted.org/packages/f8/aa/7af4e81f7acba21a4c6be026da38fd2b872ca46226673c89a758ebdc4fd2/PyYAML-6.0.2-cp311-cp311-macosx_10_9_x86_64.whl", hash = "sha256:cc1c1159b3d456576af7a3e4d1ba7e6924cb39de8f67111c735f6fc832082774", size = 184612 },
    { url = "https://files.pythonhosted.org/packages/8b/62/b9faa998fd185f65c1371643678e4d58254add437edb764a08c5a98fb986/PyYAML-6.0.2-cp311-cp311-macosx_11_0_arm64.whl", hash = "sha256:1e2120ef853f59c7419231f3bf4e7021f1b936f6ebd222406c3b60212205d2ee", size = 172040 },
    { url = "https://files.pythonhosted.org/packages/ad/0c/c804f5f922a9a6563bab712d8dcc70251e8af811fce4524d57c2c0fd49a4/PyYAML-6.0.2-cp311-cp311-manylinux_2_17_aarch64.manylinux2014_aarch64.whl", hash = "sha256:5d225db5a45f21e78dd9358e58a98702a0302f2659a3c6cd320564b75b86f47c", size = 736829 },
    { url = "https://files.pythonhosted.org/packages/51/16/6af8d6a6b210c8e54f1406a6b9481febf9c64a3109c541567e35a49aa2e7/PyYAML-6.0.2-cp311-cp311-manylinux_2_17_s390x.manylinux2014_s390x.whl", hash = "sha256:5ac9328ec4831237bec75defaf839f7d4564be1e6b25ac710bd1a96321cc8317", size = 764167 },
    { url = "https://files.pythonhosted.org/packages/75/e4/2c27590dfc9992f73aabbeb9241ae20220bd9452df27483b6e56d3975cc5/PyYAML-6.0.2-cp311-cp311-manylinux_2_17_x86_64.manylinux2014_x86_64.whl", hash = "sha256:3ad2a3decf9aaba3d29c8f537ac4b243e36bef957511b4766cb0057d32b0be85", size = 762952 },
    { url = "https://files.pythonhosted.org/packages/9b/97/ecc1abf4a823f5ac61941a9c00fe501b02ac3ab0e373c3857f7d4b83e2b6/PyYAML-6.0.2-cp311-cp311-musllinux_1_1_aarch64.whl", hash = "sha256:ff3824dc5261f50c9b0dfb3be22b4567a6f938ccce4587b38952d85fd9e9afe4", size = 735301 },
    { url = "https://files.pythonhosted.org/packages/45/73/0f49dacd6e82c9430e46f4a027baa4ca205e8b0a9dce1397f44edc23559d/PyYAML-6.0.2-cp311-cp311-musllinux_1_1_x86_64.whl", hash = "sha256:797b4f722ffa07cc8d62053e4cff1486fa6dc094105d13fea7b1de7d8bf71c9e", size = 756638 },
    { url = "https://files.pythonhosted.org/packages/22/5f/956f0f9fc65223a58fbc14459bf34b4cc48dec52e00535c79b8db361aabd/PyYAML-6.0.2-cp311-cp311-win32.whl", hash = "sha256:11d8f3dd2b9c1207dcaf2ee0bbbfd5991f571186ec9cc78427ba5bd32afae4b5", size = 143850 },
    { url = "https://files.pythonhosted.org/packages/ed/23/8da0bbe2ab9dcdd11f4f4557ccaf95c10b9811b13ecced089d43ce59c3c8/PyYAML-6.0.2-cp311-cp311-win_amd64.whl", hash = "sha256:e10ce637b18caea04431ce14fabcf5c64a1c61ec9c56b071a4b7ca131ca52d44", size = 161980 },
    { url = "https://files.pythonhosted.org/packages/86/0c/c581167fc46d6d6d7ddcfb8c843a4de25bdd27e4466938109ca68492292c/PyYAML-6.0.2-cp312-cp312-macosx_10_9_x86_64.whl", hash = "sha256:c70c95198c015b85feafc136515252a261a84561b7b1d51e3384e0655ddf25ab", size = 183873 },
    { url = "https://files.pythonhosted.org/packages/a8/0c/38374f5bb272c051e2a69281d71cba6fdb983413e6758b84482905e29a5d/PyYAML-6.0.2-cp312-cp312-macosx_11_0_arm64.whl", hash = "sha256:ce826d6ef20b1bc864f0a68340c8b3287705cae2f8b4b1d932177dcc76721725", size = 173302 },
    { url = "https://files.pythonhosted.org/packages/c3/93/9916574aa8c00aa06bbac729972eb1071d002b8e158bd0e83a3b9a20a1f7/PyYAML-6.0.2-cp312-cp312-manylinux_2_17_aarch64.manylinux2014_aarch64.whl", hash = "sha256:1f71ea527786de97d1a0cc0eacd1defc0985dcf6b3f17bb77dcfc8c34bec4dc5", size = 739154 },
    { url = "https://files.pythonhosted.org/packages/95/0f/b8938f1cbd09739c6da569d172531567dbcc9789e0029aa070856f123984/PyYAML-6.0.2-cp312-cp312-manylinux_2_17_s390x.manylinux2014_s390x.whl", hash = "sha256:9b22676e8097e9e22e36d6b7bda33190d0d400f345f23d4065d48f4ca7ae0425", size = 766223 },
    { url = "https://files.pythonhosted.org/packages/b9/2b/614b4752f2e127db5cc206abc23a8c19678e92b23c3db30fc86ab731d3bd/PyYAML-6.0.2-cp312-cp312-manylinux_2_17_x86_64.manylinux2014_x86_64.whl", hash = "sha256:80bab7bfc629882493af4aa31a4cfa43a4c57c83813253626916b8c7ada83476", size = 767542 },
    { url = "https://files.pythonhosted.org/packages/d4/00/dd137d5bcc7efea1836d6264f049359861cf548469d18da90cd8216cf05f/PyYAML-6.0.2-cp312-cp312-musllinux_1_1_aarch64.whl", hash = "sha256:0833f8694549e586547b576dcfaba4a6b55b9e96098b36cdc7ebefe667dfed48", size = 731164 },
    { url = "https://files.pythonhosted.org/packages/c9/1f/4f998c900485e5c0ef43838363ba4a9723ac0ad73a9dc42068b12aaba4e4/PyYAML-6.0.2-cp312-cp312-musllinux_1_1_x86_64.whl", hash = "sha256:8b9c7197f7cb2738065c481a0461e50ad02f18c78cd75775628afb4d7137fb3b", size = 756611 },
    { url = "https://files.pythonhosted.org/packages/df/d1/f5a275fdb252768b7a11ec63585bc38d0e87c9e05668a139fea92b80634c/PyYAML-6.0.2-cp312-cp312-win32.whl", hash = "sha256:ef6107725bd54b262d6dedcc2af448a266975032bc85ef0172c5f059da6325b4", size = 140591 },
    { url = "https://files.pythonhosted.org/packages/0c/e8/4f648c598b17c3d06e8753d7d13d57542b30d56e6c2dedf9c331ae56312e/PyYAML-6.0.2-cp312-cp312-win_amd64.whl", hash = "sha256:7e7401d0de89a9a855c839bc697c079a4af81cf878373abd7dc625847d25cbd8", size = 156338 },
    { url = "https://files.pythonhosted.org/packages/ef/e3/3af305b830494fa85d95f6d95ef7fa73f2ee1cc8ef5b495c7c3269fb835f/PyYAML-6.0.2-cp313-cp313-macosx_10_13_x86_64.whl", hash = "sha256:efdca5630322a10774e8e98e1af481aad470dd62c3170801852d752aa7a783ba", size = 181309 },
    { url = "https://files.pythonhosted.org/packages/45/9f/3b1c20a0b7a3200524eb0076cc027a970d320bd3a6592873c85c92a08731/PyYAML-6.0.2-cp313-cp313-macosx_11_0_arm64.whl", hash = "sha256:50187695423ffe49e2deacb8cd10510bc361faac997de9efef88badc3bb9e2d1", size = 171679 },
    { url = "https://files.pythonhosted.org/packages/7c/9a/337322f27005c33bcb656c655fa78325b730324c78620e8328ae28b64d0c/PyYAML-6.0.2-cp313-cp313-manylinux_2_17_aarch64.manylinux2014_aarch64.whl", hash = "sha256:0ffe8360bab4910ef1b9e87fb812d8bc0a308b0d0eef8c8f44e0254ab3b07133", size = 733428 },
    { url = "https://files.pythonhosted.org/packages/a3/69/864fbe19e6c18ea3cc196cbe5d392175b4cf3d5d0ac1403ec3f2d237ebb5/PyYAML-6.0.2-cp313-cp313-manylinux_2_17_s390x.manylinux2014_s390x.whl", hash = "sha256:17e311b6c678207928d649faa7cb0d7b4c26a0ba73d41e99c4fff6b6c3276484", size = 763361 },
    { url = "https://files.pythonhosted.org/packages/04/24/b7721e4845c2f162d26f50521b825fb061bc0a5afcf9a386840f23ea19fa/PyYAML-6.0.2-cp313-cp313-manylinux_2_17_x86_64.manylinux2014_x86_64.whl", hash = "sha256:70b189594dbe54f75ab3a1acec5f1e3faa7e8cf2f1e08d9b561cb41b845f69d5", size = 759523 },
    { url = "https://files.pythonhosted.org/packages/2b/b2/e3234f59ba06559c6ff63c4e10baea10e5e7df868092bf9ab40e5b9c56b6/PyYAML-6.0.2-cp313-cp313-musllinux_1_1_aarch64.whl", hash = "sha256:41e4e3953a79407c794916fa277a82531dd93aad34e29c2a514c2c0c5fe971cc", size = 726660 },
    { url = "https://files.pythonhosted.org/packages/fe/0f/25911a9f080464c59fab9027482f822b86bf0608957a5fcc6eaac85aa515/PyYAML-6.0.2-cp313-cp313-musllinux_1_1_x86_64.whl", hash = "sha256:68ccc6023a3400877818152ad9a1033e3db8625d899c72eacb5a668902e4d652", size = 751597 },
    { url = "https://files.pythonhosted.org/packages/14/0d/e2c3b43bbce3cf6bd97c840b46088a3031085179e596d4929729d8d68270/PyYAML-6.0.2-cp313-cp313-win32.whl", hash = "sha256:bc2fa7c6b47d6bc618dd7fb02ef6fdedb1090ec036abab80d4681424b84c1183", size = 140527 },
    { url = "https://files.pythonhosted.org/packages/fa/de/02b54f42487e3d3c6efb3f89428677074ca7bf43aae402517bc7cca949f3/PyYAML-6.0.2-cp313-cp313-win_amd64.whl", hash = "sha256:8388ee1976c416731879ac16da0aff3f63b286ffdd57cdeb95f3f2e085687563", size = 156446 },
    { url = "https://files.pythonhosted.org/packages/74/d9/323a59d506f12f498c2097488d80d16f4cf965cee1791eab58b56b19f47a/PyYAML-6.0.2-cp38-cp38-macosx_10_9_x86_64.whl", hash = "sha256:24471b829b3bf607e04e88d79542a9d48bb037c2267d7927a874e6c205ca7e9a", size = 183218 },
    { url = "https://files.pythonhosted.org/packages/74/cc/20c34d00f04d785f2028737e2e2a8254e1425102e730fee1d6396f832577/PyYAML-6.0.2-cp38-cp38-manylinux_2_17_aarch64.manylinux2014_aarch64.whl", hash = "sha256:d7fded462629cfa4b685c5416b949ebad6cec74af5e2d42905d41e257e0869f5", size = 728067 },
    { url = "https://files.pythonhosted.org/packages/20/52/551c69ca1501d21c0de51ddafa8c23a0191ef296ff098e98358f69080577/PyYAML-6.0.2-cp38-cp38-manylinux_2_17_s390x.manylinux2014_s390x.whl", hash = "sha256:d84a1718ee396f54f3a086ea0a66d8e552b2ab2017ef8b420e92edbc841c352d", size = 757812 },
    { url = "https://files.pythonhosted.org/packages/fd/7f/2c3697bba5d4aa5cc2afe81826d73dfae5f049458e44732c7a0938baa673/PyYAML-6.0.2-cp38-cp38-manylinux_2_17_x86_64.manylinux2014_x86_64.whl", hash = "sha256:9056c1ecd25795207ad294bcf39f2db3d845767be0ea6e6a34d856f006006083", size = 746531 },
    { url = "https://files.pythonhosted.org/packages/8c/ab/6226d3df99900e580091bb44258fde77a8433511a86883bd4681ea19a858/PyYAML-6.0.2-cp38-cp38-musllinux_1_1_x86_64.whl", hash = "sha256:82d09873e40955485746739bcb8b4586983670466c23382c19cffecbf1fd8706", size = 800820 },
    { url = "https://files.pythonhosted.org/packages/a0/99/a9eb0f3e710c06c5d922026f6736e920d431812ace24aae38228d0d64b04/PyYAML-6.0.2-cp38-cp38-win32.whl", hash = "sha256:43fa96a3ca0d6b1812e01ced1044a003533c47f6ee8aca31724f78e93ccc089a", size = 145514 },
    { url = "https://files.pythonhosted.org/packages/75/8a/ee831ad5fafa4431099aa4e078d4c8efd43cd5e48fbc774641d233b683a9/PyYAML-6.0.2-cp38-cp38-win_amd64.whl", hash = "sha256:01179a4a8559ab5de078078f37e5c1a30d76bb88519906844fd7bdea1b7729ff", size = 162702 },
    { url = "https://files.pythonhosted.org/packages/65/d8/b7a1db13636d7fb7d4ff431593c510c8b8fca920ade06ca8ef20015493c5/PyYAML-6.0.2-cp39-cp39-macosx_10_9_x86_64.whl", hash = "sha256:688ba32a1cffef67fd2e9398a2efebaea461578b0923624778664cc1c914db5d", size = 184777 },
    { url = "https://files.pythonhosted.org/packages/0a/02/6ec546cd45143fdf9840b2c6be8d875116a64076218b61d68e12548e5839/PyYAML-6.0.2-cp39-cp39-macosx_11_0_arm64.whl", hash = "sha256:a8786accb172bd8afb8be14490a16625cbc387036876ab6ba70912730faf8e1f", size = 172318 },
    { url = "https://files.pythonhosted.org/packages/0e/9a/8cc68be846c972bda34f6c2a93abb644fb2476f4dcc924d52175786932c9/PyYAML-6.0.2-cp39-cp39-manylinux_2_17_aarch64.manylinux2014_aarch64.whl", hash = "sha256:d8e03406cac8513435335dbab54c0d385e4a49e4945d2909a581c83647ca0290", size = 720891 },
    { url = "https://files.pythonhosted.org/packages/e9/6c/6e1b7f40181bc4805e2e07f4abc10a88ce4648e7e95ff1abe4ae4014a9b2/PyYAML-6.0.2-cp39-cp39-manylinux_2_17_s390x.manylinux2014_s390x.whl", hash = "sha256:f753120cb8181e736c57ef7636e83f31b9c0d1722c516f7e86cf15b7aa57ff12", size = 722614 },
    { url = "https://files.pythonhosted.org/packages/3d/32/e7bd8535d22ea2874cef6a81021ba019474ace0d13a4819c2a4bce79bd6a/PyYAML-6.0.2-cp39-cp39-manylinux_2_17_x86_64.manylinux2014_x86_64.whl", hash = "sha256:3b1fdb9dc17f5a7677423d508ab4f243a726dea51fa5e70992e59a7411c89d19", size = 737360 },
    { url = "https://files.pythonhosted.org/packages/d7/12/7322c1e30b9be969670b672573d45479edef72c9a0deac3bb2868f5d7469/PyYAML-6.0.2-cp39-cp39-musllinux_1_1_aarch64.whl", hash = "sha256:0b69e4ce7a131fe56b7e4d770c67429700908fc0752af059838b1cfb41960e4e", size = 699006 },
    { url = "https://files.pythonhosted.org/packages/82/72/04fcad41ca56491995076630c3ec1e834be241664c0c09a64c9a2589b507/PyYAML-6.0.2-cp39-cp39-musllinux_1_1_x86_64.whl", hash = "sha256:a9f8c2e67970f13b16084e04f134610fd1d374bf477b17ec1599185cf611d725", size = 723577 },
    { url = "https://files.pythonhosted.org/packages/ed/5e/46168b1f2757f1fcd442bc3029cd8767d88a98c9c05770d8b420948743bb/PyYAML-6.0.2-cp39-cp39-win32.whl", hash = "sha256:6395c297d42274772abc367baaa79683958044e5d3835486c16da75d2a694631", size = 144593 },
    { url = "https://files.pythonhosted.org/packages/19/87/5124b1c1f2412bb95c59ec481eaf936cd32f0fe2a7b16b97b81c4c017a6a/PyYAML-6.0.2-cp39-cp39-win_amd64.whl", hash = "sha256:39693e1f8320ae4f43943590b49779ffb98acb81f788220ea932a6b6c51004d8", size = 162312 },
]

[[package]]
name = "ruprof"
source = { editable = "." }
dependencies = [
    { name = "libcst", version = "1.1.0", source = { registry = "https://pypi.org/simple" }, marker = "python_full_version < '3.9'" },
    { name = "libcst", version = "1.7.0", source = { registry = "https://pypi.org/simple" }, marker = "python_full_version >= '3.9'" },
]

[package.metadata]
requires-dist = [{ name = "libcst", specifier = ">=1.1.0" }]

[[package]]
name = "typing-extensions"
version = "4.13.2"
source = { registry = "https://pypi.org/simple" }
sdist = { url = "https://files.pythonhosted.org/packages/f6/37/23083fcd6e35492953e8d2aaaa68b860eb422b34627b13f2ce3eb6106061/typing_extensions-4.13.2.tar.gz", hash = "sha256:e6c81219bd689f51865d9e372991c540bda33a0379d5573cddb9a3a23f7caaef", size = 106967 }
wheels = [
    { url = "https://files.pythonhosted.org/packages/8b/54/b1ae86c0973cc6f0210b53d508ca3641fb6d0c56823f288d108bc7ab3cc8/typing_extensions-4.13.2-py3-none-any.whl", hash = "sha256:a439e7c04b49fec3e5d3e2beaa21755cadbbdc391694e28ccdd36ca4a1408f8c", size = 45806 },
]

[[package]]
name = "typing-inspect"
version = "0.9.0"
source = { registry = "https://pypi.org/simple" }
dependencies = [
    { name = "mypy-extensions", marker = "python_full_version < '3.9'" },
    { name = "typing-extensions", marker = "python_full_version < '3.9'" },
]
sdist = { url = "https://files.pythonhosted.org/packages/dc/74/1789779d91f1961fa9438e9a8710cdae6bd138c80d7303996933d117264a/typing_inspect-0.9.0.tar.gz", hash = "sha256:b23fc42ff6f6ef6954e4852c1fb512cdd18dbea03134f91f856a95ccc9461f78", size = 13825 }
wheels = [
    { url = "https://files.pythonhosted.org/packages/65/f3/107a22063bf27bdccf2024833d3445f4eea42b2e598abfbd46f6a63b6cb0/typing_inspect-0.9.0-py3-none-any.whl", hash = "sha256:9ee6fc59062311ef8547596ab6b955e1b8aa46242d854bfc78f4f6b0eff35f9f", size = 8827 },
]
